
Microsoft Visual Studio Solution File, Format Version 12.00
# Visual Studio Version 16
VisualStudioVersion = 16.0.30717.126
MinimumVisualStudioVersion = 10.0.40219.1
Project("{8BC9CEB8-8B4A-11D0-8D11-00A0C91BC942}") = "RQNet", "RQNet.vcxproj", "{53A50B3E-7AF1-46B5-9A27-0CE4D8F5465F}"
EndProject
Global
	GlobalSection(SolutionConfigurationPlatforms) = preSolution
		Debug|x64 = Debug|x64
		Release|x64 = Release|x64
	EndGlobalSection
	GlobalSection(ProjectConfigurationPlatforms) = postSolution
		{53A50B3E-7AF1-46B5-9A27-0CE4D8F5465F}.Debug|x64.ActiveCfg = Debug|x64
		{53A50B3E-7AF1-46B5-9A27-0CE4D8F5465F}.Debug|x64.Build.0 = Debug|x64
		{53A50B3E-7AF1-46B5-9A27-0CE4D8F5465F}.Release|x64.ActiveCfg = Release|x64
		{53A50B3E-7AF1-46B5-9A27-0CE4D8F5465F}.Release|x64.Build.0 = Release|x64
	EndGlobalSection
	GlobalSection(SolutionProperties) = preSolution
		HideSolutionNode = FALSE
	EndGlobalSection
	GlobalSection(ExtensibilityGlobals) = postSolution
		SolutionGuid = {2A904331-1B00-4169-B7AA-594942E732D4}
	EndGlobalSection
EndGlobal
